
Microsoft Visual Studio Solution File, Format Version 12.00
# Visual Studio Version 17
VisualStudioVersion = 17.12.35309.182
MinimumVisualStudioVersion = 10.0.40219.1
Project("{FAE04EC0-301F-11D3-BF4B-00C04F79EFBC}") = "Gurung.ServiceRegister", "ServiceRegister\Gurung.ServiceRegister.csproj", "{B642680D-C756-447A-83D8-58E0B331619E}"
EndProject
Global
	GlobalSection(SolutionConfigurationPlatforms) = preSolution
		Debug|Any CPU = Debug|Any CPU
		Release|Any CPU = Release|Any CPU
	EndGlobalSection
	GlobalSection(ProjectConfigurationPlatforms) = postSolution
		{B642680D-C756-447A-83D8-58E0B331619E}.Debug|Any CPU.ActiveCfg = Debug|Any CPU
		{B642680D-C756-447A-83D8-58E0B331619E}.Debug|Any CPU.Build.0 = Debug|Any CPU
		{B642680D-C756-447A-83D8-58E0B331619E}.Release|Any CPU.ActiveCfg = Release|Any CPU
		{B642680D-C756-447A-83D8-58E0B331619E}.Release|Any CPU.Build.0 = Release|Any CPU
	EndGlobalSection
	GlobalSection(SolutionProperties) = preSolution
		HideSolutionNode = FALSE
	EndGlobalSection
	GlobalSection(ExtensibilityGlobals) = postSolution
		SolutionGuid = {57470CA3-4830-4FB1-BA99-D3B302459B33}
	EndGlobalSection
EndGlobal
